
Microsoft Visual Studio Solution File, Format Version 12.00
# Visual Studio Version 18
VisualStudioVersion = 18.6.11819.183 stable
MinimumVisualStudioVersion = 10.0.40219.1
Project("{FAE04EC0-301F-11D3-BF4B-00C04F79EFBC}") = "Fluxor", "Fluxor.csproj", "{1D22D945-1DC2-0147-471D-7A43198D3151}"
EndProject
Global
	GlobalSection(SolutionConfigurationPlatforms) = preSolution
		Debug|Any CPU = Debug|Any CPU
		Release|Any CPU = Release|Any CPU
	EndGlobalSection
	GlobalSection(ProjectConfigurationPlatforms) = postSolution
		{1D22D945-1DC2-0147-471D-7A43198D3151}.Debug|Any CPU.ActiveCfg = Debug|Any CPU
		{1D22D945-1DC2-0147-471D-7A43198D3151}.Debug|Any CPU.Build.0 = Debug|Any CPU
		{1D22D945-1DC2-0147-471D-7A43198D3151}.Release|Any CPU.ActiveCfg = Release|Any CPU
		{1D22D945-1DC2-0147-471D-7A43198D3151}.Release|Any CPU.Build.0 = Release|Any CPU
	EndGlobalSection
	GlobalSection(SolutionProperties) = preSolution
		HideSolutionNode = FALSE
	EndGlobalSection
	GlobalSection(ExtensibilityGlobals) = postSolution
		SolutionGuid = {CD7975A4-3BE5-4513-B0FB-2974A32E1D74}
	EndGlobalSection
EndGlobal
